
Microsoft Visual Studio Solution File, Format Version 12.00
# Visual Studio 15
VisualStudioVersion = 15.0.26730.8
MinimumVisualStudioVersion = 10.0.40219.1
Project("{FAE04EC0-301F-11D3-BF4B-00C04F79EFBC}") = "RemotDesktopEnabler", "RemotDesktopEnabler\RemotDesktopEnabler.csproj", "{12741FE8-F1E2-4D15-9F8E-DA5749D98F24}"
EndProject
Global
	GlobalSection(SolutionConfigurationPlatforms) = preSolution
		Debug|Any CPU = Debug|Any CPU
		Release|Any CPU = Release|Any CPU
	EndGlobalSection
	GlobalSection(ProjectConfigurationPlatforms) = postSolution
		{12741FE8-F1E2-4D15-9F8E-DA5749D98F24}.Debug|Any CPU.ActiveCfg = Debug|Any CPU
		{12741FE8-F1E2-4D15-9F8E-DA5749D98F24}.Debug|Any CPU.Build.0 = Debug|Any CPU
		{12741FE8-F1E2-4D15-9F8E-DA5749D98F24}.Release|Any CPU.ActiveCfg = Release|Any CPU
		{12741FE8-F1E2-4D15-9F8E-DA5749D98F24}.Release|Any CPU.Build.0 = Release|Any CPU
	EndGlobalSection
	GlobalSection(SolutionProperties) = preSolution
		HideSolutionNode = FALSE
	EndGlobalSection
	GlobalSection(ExtensibilityGlobals) = postSolution
		SolutionGuid = {4B5C9CF8-7733-48AE-A112-F965C79C8560}
	EndGlobalSection
EndGlobal
